
Microsoft Visual Studio Solution File, Format Version 12.00
# Visual Studio Version 17
VisualStudioVersion = 17.14.36301.6 d17.14
MinimumVisualStudioVersion = 10.0.40219.1
Project("{888888A0-9F3D-457C-B088-3A5042F75D52}") = "Dungeons Generator", "Dungeons Generator\Dungeons Generator.pyproj", "{1BB219DB-B8FF-42CB-9022-631FF2EB1653}"
EndProject
Global
	GlobalSection(SolutionConfigurationPlatforms) = preSolution
		Debug|Any CPU = Debug|Any CPU
		Release|Any CPU = Release|Any CPU
	EndGlobalSection
	GlobalSection(ProjectConfigurationPlatforms) = postSolution
		{1BB219DB-B8FF-42CB-9022-631FF2EB1653}.Debug|Any CPU.ActiveCfg = Debug|Any CPU
		{1BB219DB-B8FF-42CB-9022-631FF2EB1653}.Release|Any CPU.ActiveCfg = Release|Any CPU
	EndGlobalSection
	GlobalSection(SolutionProperties) = preSolution
		HideSolutionNode = FALSE
	EndGlobalSection
	GlobalSection(ExtensibilityGlobals) = postSolution
		SolutionGuid = {73229988-A4E9-485C-AF06-D46A9CF035FC}
	EndGlobalSection
EndGlobal
